
Microsoft Visual Studio Solution File, Format Version 12.00
# Visual Studio Version 16
VisualStudioVersion = 16.0.31205.134
MinimumVisualStudioVersion = 10.0.40219.1
Project("{9A19103F-16F7-4668-BE54-9A1E7A4F7556}") = "ConsoleApp1", "ConsoleApp1\ConsoleApp1.csproj", "{6B8CAF42-6133-4C3F-942C-075F48018FE1}"
EndProject
Project("{9A19103F-16F7-4668-BE54-9A1E7A4F7556}") = "ConsoleApp2", "Donguler\ConsoleApp2.csproj", "{EB32C762-82BB-4D74-A82A-B64CAF182FE8}"
EndProject
Project("{9A19103F-16F7-4668-BE54-9A1E7A4F7556}") = "ConsoleApp3", "ConsoleApp3\ConsoleApp3.csproj", "{EC929371-8412-408F-87A7-E873AF6422CE}"
EndProject
Project("{9A19103F-16F7-4668-BE54-9A1E7A4F7556}") = "3.gun", "3.gun\3.gun.csproj", "{8F90005E-18EE-48F6-82B9-6FD5CC62AB0F}"
EndProject
Project("{9A19103F-16F7-4668-BE54-9A1E7A4F7556}") = "Matematik", "Matematik\Matematik.csproj", "{8331B38D-972C-464E-A98A-2A50DF5F56B3}"
EndProject
Project("{FAE04EC0-301F-11D3-BF4B-00C04F79EFBC}") = "DegerVeReferansTipler", "DegerVeReferansTipler\DegerVeReferansTipler.csproj", "{ECC6CFC6-C0DC-4145-860E-3F19359A32F8}"
EndProject
Global
	GlobalSection(SolutionConfigurationPlatforms) = preSolution
		Debug|Any CPU = Debug|Any CPU
		Release|Any CPU = Release|Any CPU
	EndGlobalSection
	GlobalSection(ProjectConfigurationPlatforms) = postSolution
		{6B8CAF42-6133-4C3F-942C-075F48018FE1}.Debug|Any CPU.ActiveCfg = Debug|Any CPU
		{6B8CAF42-6133-4C3F-942C-075F48018FE1}.Debug|Any CPU.Build.0 = Debug|Any CPU
		{6B8CAF42-6133-4C3F-942C-075F48018FE1}.Release|Any CPU.ActiveCfg = Release|Any CPU
		{6B8CAF42-6133-4C3F-942C-075F48018FE1}.Release|Any CPU.Build.0 = Release|Any CPU
		{EB32C762-82BB-4D74-A82A-B64CAF182FE8}.Debug|Any CPU.ActiveCfg = Debug|Any CPU
		{EB32C762-82BB-4D74-A82A-B64CAF182FE8}.Debug|Any CPU.Build.0 = Debug|Any CPU
		{EB32C762-82BB-4D74-A82A-B64CAF182FE8}.Release|Any CPU.ActiveCfg = Release|Any CPU
		{EB32C762-82BB-4D74-A82A-B64CAF182FE8}.Release|Any CPU.Build.0 = Release|Any CPU
		{EC929371-8412-408F-87A7-E873AF6422CE}.Debug|Any CPU.ActiveCfg = Debug|Any CPU
		{EC929371-8412-408F-87A7-E873AF6422CE}.Debug|Any CPU.Build.0 = Debug|Any CPU
		{EC929371-8412-408F-87A7-E873AF6422CE}.Release|Any CPU.ActiveCfg = Release|Any CPU
		{EC929371-8412-408F-87A7-E873AF6422CE}.Release|Any CPU.Build.0 = Release|Any CPU
		{8F90005E-18EE-48F6-82B9-6FD5CC62AB0F}.Debug|Any CPU.ActiveCfg = Debug|Any CPU
		{8F90005E-18EE-48F6-82B9-6FD5CC62AB0F}.Debug|Any CPU.Build.0 = Debug|Any CPU
		{8F90005E-18EE-48F6-82B9-6FD5CC62AB0F}.Release|Any CPU.ActiveCfg = Release|Any CPU
		{8F90005E-18EE-48F6-82B9-6FD5CC62AB0F}.Release|Any CPU.Build.0 = Release|Any CPU
		{8331B38D-972C-464E-A98A-2A50DF5F56B3}.Debug|Any CPU.ActiveCfg = Debug|Any CPU
		{8331B38D-972C-464E-A98A-2A50DF5F56B3}.Debug|Any CPU.Build.0 = Debug|Any CPU
		{8331B38D-972C-464E-A98A-2A50DF5F56B3}.Release|Any CPU.ActiveCfg = Release|Any CPU
		{8331B38D-972C-464E-A98A-2A50DF5F56B3}.Release|Any CPU.Build.0 = Release|Any CPU
		{ECC6CFC6-C0DC-4145-860E-3F19359A32F8}.Debug|Any CPU.ActiveCfg = Debug|Any CPU
		{ECC6CFC6-C0DC-4145-860E-3F19359A32F8}.Debug|Any CPU.Build.0 = Debug|Any CPU
		{ECC6CFC6-C0DC-4145-860E-3F19359A32F8}.Release|Any CPU.ActiveCfg = Release|Any CPU
		{ECC6CFC6-C0DC-4145-860E-3F19359A32F8}.Release|Any CPU.Build.0 = Release|Any CPU
	EndGlobalSection
	GlobalSection(SolutionProperties) = preSolution
		HideSolutionNode = FALSE
	EndGlobalSection
	GlobalSection(ExtensibilityGlobals) = postSolution
		SolutionGuid = {0245524F-92DA-4484-86D5-678AC31FD6B7}
	EndGlobalSection
EndGlobal
